{
  "name": "DigiTBR",
  "lockfileVersion": 3,
  "requires": true,
  "packages": {
    "": {
      "dependencies": {
        "@floating-ui/dom": "^1.6.6"
      }
    },
    "node_modules/@floating-ui/core": {
      "version": "1.6.3",
      "resolved": "https://registry.npmjs.org/@floating-ui/core/-/core-1.6.3.tgz",
      "integrity": "sha512-1ZpCvYf788/ZXOhRQGFxnYQOVgeU+pi0i+d0Ow34La7qjIXETi6RNswGVKkA6KcDO8/+Ysu2E/CeUmmeEBDvTg==",
      "dependencies": {
        "@floating-ui/utils": "^0.2.3"
      }
    },
    "node_modules/@floating-ui/dom": {
      "version": "1.6.6",
      "resolved": "https://registry.npmjs.org/@floating-ui/dom/-/dom-1.6.6.tgz",
      "integrity": "sha512-qiTYajAnh3P+38kECeffMSQgbvXty2VB6rS+42iWR4FPIlZjLK84E9qtLnMTLIpPz2znD/TaFqaiavMUrS+Hcw==",
      "dependencies": {
        "@floating-ui/core": "^1.0.0",
        "@floating-ui/utils": "^0.2.3"
      }
    },
    "node_modules/@floating-ui/utils": {
      "version": "0.2.3",
      "resolved": "https://registry.npmjs.org/@floating-ui/utils/-/utils-0.2.3.tgz",
      "integrity": "sha512-XGndio0l5/Gvd6CLIABvsav9HHezgDFFhDfHk1bvLfr9ni8dojqLSvBbotJEjmIwNHL7vK4QzBJTdBRoB+c1ww=="
    }
  }
}
